
Microsoft Visual Studio Solution File, Format Version 12.00
# Visual Studio 2012
Project("{FAE04EC0-301F-11D3-BF4B-00C04F79EFBC}") = "LockScreenNotificationDemo", "LockScreenNotificationDemo\LockScreenNotificationDemo.csproj", "{61F6C42B-5916-45B2-93EF-FF7775DFA080}"
EndProject
Global
	GlobalSection(SolutionConfigurationPlatforms) = preSolution
		Debug|Any CPU = Debug|Any CPU
		Release|Any CPU = Release|Any CPU
	EndGlobalSection
	GlobalSection(ProjectConfigurationPlatforms) = postSolution
		{61F6C42B-5916-45B2-93EF-FF7775DFA080}.Debug|Any CPU.ActiveCfg = Debug|Any CPU
		{61F6C42B-5916-45B2-93EF-FF7775DFA080}.Debug|Any CPU.Build.0 = Debug|Any CPU
		{61F6C42B-5916-45B2-93EF-FF7775DFA080}.Release|Any CPU.ActiveCfg = Release|Any CPU
		{61F6C42B-5916-45B2-93EF-FF7775DFA080}.Release|Any CPU.Build.0 = Release|Any CPU
	EndGlobalSection
EndGlobal
